
Microsoft Visual Studio Solution File, Format Version 12.00
# Visual Studio 2012
Project("{D2ABAB84-BF74-430A-B69E-9DC6D40DDA17}") = "Schools_K12_DW", "Schools_K12_DW\Schools_K12_DW.dwproj", "{AFA12BBE-EBD8-456C-A944-A3F0659B0966}"
EndProject
Global
	GlobalSection(SolutionConfigurationPlatforms) = preSolution
		Development|Default = Development|Default
	EndGlobalSection
	GlobalSection(ProjectConfigurationPlatforms) = postSolution
		{AFA12BBE-EBD8-456C-A944-A3F0659B0966}.Development|Default.ActiveCfg = Development
		{AFA12BBE-EBD8-456C-A944-A3F0659B0966}.Development|Default.Build.0 = Development
		{AFA12BBE-EBD8-456C-A944-A3F0659B0966}.Development|Default.Deploy.0 = Development
	EndGlobalSection
	GlobalSection(SolutionProperties) = preSolution
		HideSolutionNode = FALSE
	EndGlobalSection
EndGlobal
